// !$*UTF8*$!
{
	archiveVersion = 1;
	classes = {
	};
	objectVersion = 56;
	objects = {

/* Begin PBXBuildFile section */
		D65A04B62C899E41002948E8 /* AppDelegate.swift in Sources */ = {isa = PBXBuildFile; fileRef = D65A04B52C899E41002948E8 /* AppDelegate.swift */; };
		D65A04B82C899E41002948E8 /* SceneDelegate.swift in Sources */ = {isa = PBXBuildFile; fileRef = D65A04B72C899E41002948E8 /* SceneDelegate.swift */; };
		D65A04BA2C899E41002948E8 /* ViewController.swift in Sources */ = {isa = PBXBuildFile; fileRef = D65A04B92C899E41002948E8 /* ViewController.swift */; };
		D65A04BD2C899E41002948E8 /* Base in Resources */ = {isa = PBXBuildFile; fileRef = D65A04BC2C899E41002948E8 /* Base */; };
		D65A04BF2C899E42002948E8 /* Assets.xcassets in Resources */ = {isa = PBXBuildFile; fileRef = D65A04BE2C899E42002948E8 /* Assets.xcassets */; };
		D65A04C22C899E42002948E8 /* Base in Resources */ = {isa = PBXBuildFile; fileRef = D65A04C12C899E42002948E8 /* Base */; };
		D65A04CD2C899E42002948E8 /* PhotoFrameAppTests.swift in Sources */ = {isa = PBXBuildFile; fileRef = D65A04CC2C899E42002948E8 /* PhotoFrameAppTests.swift */; };
		D65A04D72C899E42002948E8 /* PhotoFrameAppUITests.swift in Sources */ = {isa = PBXBuildFile; fileRef = D65A04D62C899E42002948E8 /* PhotoFrameAppUITests.swift */; };
		D65A04D92C899E42002948E8 /* PhotoFrameAppUITestsLaunchTests.swift in Sources */ = {isa = PBXBuildFile; fileRef = D65A04D82C899E42002948E8 /* PhotoFrameAppUITestsLaunchTests.swift */; };
/* End PBXBuildFile section */

/* Begin PBXContainerItemProxy section */
		D65A04C92C899E42002948E8 /* PBXContainerItemProxy */ = {
			isa = PBXContainerItemProxy;
			containerPortal = D65A04AA2C899E41002948E8 /* Project object */;
			proxyType = 1;
			remoteGlobalIDString = D65A04B12C899E41002948E8;
			remoteInfo = PhotoFrameApp;
		};
		D65A04D32C899E42002948E8 /* PBXContainerItemProxy */ = {
			isa = PBXContainerItemProxy;
			containerPortal = D65A04AA2C899E41002948E8 /* Project object */;
			proxyType = 1;
			remoteGlobalIDString = D65A04B12C899E41002948E8;
			remoteInfo = PhotoFrameApp;
		};
/* End PBXContainerItemProxy section */

/* Begin PBXFileReference section */
		D65A04B22C899E41002948E8 /* PhotoFrameApp.app */ = {isa = PBXFileReference; explicitFileType = wrapper.application; includeInIndex = 0; path = PhotoFrameApp.app; sourceTree = BUILT_PRODUCTS_DIR; };
		D65A04B52C899E41002948E8 /* AppDelegate.swift */ = {isa = PBXFileReference; lastKnownFileType = sourcecode.swift; path = AppDelegate.swift; sourceTree = "<group>"; };
		D65A04B72C899E41002948E8 /* SceneDelegate.swift */ = {isa = PBXFileReference; lastKnownFileType = sourcecode.swift; path = SceneDelegate.swift; sourceTree = "<group>"; };
		D65A04B92C899E41002948E8 /* ViewController.swift */ = {isa = PBXFileReference; lastKnownFileType = sourcecode.swift; path = ViewController.swift; sourceTree = "<group>"; };
		D65A04BC2C899E41002948E8 /* Base */ = {isa = PBXFileReference; lastKnownFileType = file.storyboard; name = Base; path = Base.lproj/Main.storyboard; sourceTree = "<group>"; };
		D65A04BE2C899E42002948E8 /* Assets.xcassets */ = {isa = PBXFileReference; lastKnownFileType = folder.assetcatalog; path = Assets.xcassets; sourceTree = "<group>"; };
		D65A04C12C899E42002948E8 /* Base */ = {isa = PBXFileReference; lastKnownFileType = file.storyboard; name = Base; path = Base.lproj/LaunchScreen.storyboard; sourceTree = "<group>"; };
		D65A04C32C899E42002948E8 /* Info.plist */ = {isa = PBXFileReference; lastKnownFileType = text.plist.xml; path = Info.plist; sourceTree = "<group>"; };
		D65A04C82C899E42002948E8 /* PhotoFrameAppTests.xctest */ = {isa = PBXFileReference; explicitFileType = wrapper.cfbundle; includeInIndex = 0; path = PhotoFrameAppTests.xctest; sourceTree = BUILT_PRODUCTS_DIR; };
		D65A04CC2C899E42002948E8 /* PhotoFrameAppTests.swift */ = {isa = PBXFileReference; lastKnownFileType = sourcecode.swift; path = PhotoFrameAppTests.swift; sourceTree = "<group>"; };
		D65A04D22C899E42002948E8 /* PhotoFrameAppUITests.xctest */ = {isa = PBXFileReference; explicitFileType = wrapper.cfbundle; includeInIndex = 0; path = PhotoFrameAppUITests.xctest; sourceTree = BUILT_PRODUCTS_DIR; };
		D65A04D62C899E42002948E8 /* PhotoFrameAppUITests.swift */ = {isa = PBXFileReference; lastKnownFileType = sourcecode.swift; path = PhotoFrameAppUITests.swift; sourceTree = "<group>"; };
		D65A04D82C899E42002948E8 /* PhotoFrameAppUITestsLaunchTests.swift */ = {isa = PBXFileReference; lastKnownFileType = sourcecode.swift; path = PhotoFrameAppUITestsLaunchTests.swift; sourceTree = "<group>"; };
/* End PBXFileReference section */

/* Begin PBXFrameworksBuildPhase section */
		D65A04AF2C899E41002948E8 /* Frameworks */ = {
			isa = PBXFrameworksBuildPhase;
			buildActionMask = 2147483647;
			files = (
			);
			runOnlyForDeploymentPostprocessing = 0;
		};
		D65A04C52C899E42002948E8 /* Frameworks */ = {
			isa = PBXFrameworksBuildPhase;
			buildActionMask = 2147483647;
			files = (
			);
			runOnlyForDeploymentPostprocessing = 0;
		};
		D65A04CF2C899E42002948E8 /* Frameworks */ = {
			isa = PBXFrameworksBuildPhase;
			buildActionMask = 2147483647;
			files = (
			);
			runOnlyForDeploymentPostprocessing = 0;
		};
/* End PBXFrameworksBuildPhase section */

/* Begin PBXGroup section */
		D65A04A92C899E41002948E8 = {
			isa = PBXGroup;
			children = (
				D65A04B42C899E41002948E8 /* PhotoFrameApp */,
				D65A04CB2C899E42002948E8 /* PhotoFrameAppTests */,
				D65A04D52C899E42002948E8 /* PhotoFrameAppUITests */,
				D65A04B32C899E41002948E8 /* Products */,
			);
			sourceTree = "<group>";
		};
		D65A04B32C899E41002948E8 /* Products */ = {
			isa = PBXGroup;
			children = (
				D65A04B22C899E41002948E8 /* PhotoFrameApp.app */,
				D65A04C82C899E42002948E8 /* PhotoFrameAppTests.xctest */,
				D65A04D22C899E42002948E8 /* PhotoFrameAppUITests.xctest */,
			);
			name = Products;
			sourceTree = "<group>";
		};
		D65A04B42C899E41002948E8 /* PhotoFrameApp */ = {
			isa = PBXGroup;
			children = (
				D65A04B52C899E41002948E8 /* AppDelegate.swift */,
				D65A04B72C899E41002948E8 /* SceneDelegate.swift */,
				D65A04B92C899E41002948E8 /* ViewController.swift */,
				D65A04BB2C899E41002948E8 /* Main.storyboard */,
				D65A04BE2C899E42002948E8 /* Assets.xcassets */,
				D65A04C02C899E42002948E8 /* LaunchScreen.storyboard */,
				D65A04C32C899E42002948E8 /* Info.plist */,
			);
			path = PhotoFrameApp;
			sourceTree = "<group>";
		};
		D65A04CB2C899E42002948E8 /* PhotoFrameAppTests */ = {
			isa = PBXGroup;
			children = (
				D65A04CC2C899E42002948E8 /* PhotoFrameAppTests.swift */,
			);
			path = PhotoFrameAppTests;
			sourceTree = "<group>";
		};
		D65A04D52C899E42002948E8 /* PhotoFrameAppUITests */ = {
			isa = PBXGroup;
			children = (
				D65A04D62C899E42002948E8 /* PhotoFrameAppUITests.swift */,
				D65A04D82C899E42002948E8 /* PhotoFrameAppUITestsLaunchTests.swift */,
			);
			path = PhotoFrameAppUITests;
			sourceTree = "<group>";
		};
/* End PBXGroup section */

/* Begin PBXNativeTarget section */
		D65A04B12C899E41002948E8 /* PhotoFrameApp */ = {
			isa = PBXNativeTarget;
			buildConfigurationList = D65A04DC2C899E42002948E8 /* Build configuration list for PBXNativeTarget "PhotoFrameApp" */;
			buildPhases = (
				D65A04AE2C899E41002948E8 /* Sources */,
				D65A04AF2C899E41002948E8 /* Frameworks */,
				D65A04B02C899E41002948E8 /* Resources */,
			);
			buildRules = (
			);
			dependencies = (
			);
			name = PhotoFrameApp;
			productName = PhotoFrameApp;
			productReference = D65A04B22C899E41002948E8 /* PhotoFrameApp.app */;
			productType = "com.apple.product-type.application";
		};
		D65A04C72C899E42002948E8 /* PhotoFrameAppTests */ = {
			isa = PBXNativeTarget;
			buildConfigurationList = D65A04DF2C899E42002948E8 /* Build configuration list for PBXNativeTarget "PhotoFrameAppTests" */;
			buildPhases = (
				D65A04C42C899E42002948E8 /* Sources */,
				D65A04C52C899E42002948E8 /* Frameworks */,
				D65A04C62C899E42002948E8 /* Resources */,
			);
			buildRules = (
			);
			dependencies = (
				D65A04CA2C899E42002948E8 /* PBXTargetDependency */,
			);
			name = PhotoFrameAppTests;
			productName = PhotoFrameAppTests;
			productReference = D65A04C82C899E42002948E8 /* PhotoFrameAppTests.xctest */;
			productType = "com.apple.product-type.bundle.unit-test";
		};
		D65A04D12C899E42002948E8 /* PhotoFrameAppUITests */ = {
			isa = PBXNativeTarget;
			buildConfigurationList = D65A04E22C899E42002948E8 /* Build configuration list for PBXNativeTarget "PhotoFrameAppUITests" */;
			buildPhases = (
				D65A04CE2C899E42002948E8 /* Sources */,
				D65A04CF2C899E42002948E8 /* Frameworks */,
				D65A04D02C899E42002948E8 /* Resources */,
			);
			buildRules = (
			);
			dependencies = (
				D65A04D42C899E42002948E8 /* PBXTargetDependency */,
			);
			name = PhotoFrameAppUITests;
			productName = PhotoFrameAppUITests;
			productReference = D65A04D22C899E42002948E8 /* PhotoFrameAppUITests.xctest */;
			productType = "com.apple.product-type.bundle.ui-testing";
		};
/* End PBXNativeTarget section */

/* Begin PBXProject section */
		D65A04AA2C899E41002948E8 /* Project object */ = {
			isa = PBXProject;
			attributes = {
				BuildIndependentTargetsInParallel = 1;
				LastSwiftUpdateCheck = 1540;
				LastUpgradeCheck = 1540;
				TargetAttributes = {
					D65A04B12C899E41002948E8 = {
						CreatedOnToolsVersion = 15.4;
					};
					D65A04C72C899E42002948E8 = {
						CreatedOnToolsVersion = 15.4;
						TestTargetID = D65A04B12C899E41002948E8;
					};
					D65A04D12C899E42002948E8 = {
						CreatedOnToolsVersion = 15.4;
						TestTargetID = D65A04B12C899E41002948E8;
					};
				};
			};
			buildConfigurationList = D65A04AD2C899E41002948E8 /* Build configuration list for PBXProject "PhotoFrameApp" */;
			compatibilityVersion = "Xcode 14.0";
			developmentRegion = en;
			hasScannedForEncodings = 0;
			knownRegions = (
				en,
				Base,
			);
			mainGroup = D65A04A92C899E41002948E8;
			productRefGroup = D65A04B32C899E41002948E8 /* Products */;
			projectDirPath = "";
			projectRoot = "";
			targets = (
				D65A04B12C899E41002948E8 /* PhotoFrameApp */,
				D65A04C72C899E42002948E8 /* PhotoFrameAppTests */,
				D65A04D12C899E42002948E8 /* PhotoFrameAppUITests */,
			);
		};
/* End PBXProject section */

/* Begin PBXResourcesBuildPhase section */
		D65A04B02C899E41002948E8 /* Resources */ = {
			isa = PBXResourcesBuildPhase;
			buildActionMask = 2147483647;
			files = (
				D65A04BF2C899E42002948E8 /* Assets.xcassets in Resources */,
				D65A04C22C899E42002948E8 /* Base in Resources */,
				D65A04BD2C899E41002948E8 /* Base in Resources */,
			);
			runOnlyForDeploymentPostprocessing = 0;
		};
		D65A04C62C899E42002948E8 /* Resources */ = {
			isa = PBXResourcesBuildPhase;
			buildActionMask = 2147483647;
			files = (
			);
			runOnlyForDeploymentPostprocessing = 0;
		};
		D65A04D02C899E42002948E8 /* Resources */ = {
			isa = PBXResourcesBuildPhase;
			buildActionMask = 2147483647;
			files = (
			);
			runOnlyForDeploymentPostprocessing = 0;
		};
/* End PBXResourcesBuildPhase section */

/* Begin PBXSourcesBuildPhase section */
		D65A04AE2C899E41002948E8 /* Sources */ = {
			isa = PBXSourcesBuildPhase;
			buildActionMask = 2147483647;
			files = (
				D65A04BA2C899E41002948E8 /* ViewController.swift in Sources */,
				D65A04B62C899E41002948E8 /* AppDelegate.swift in Sources */,
				D65A04B82C899E41002948E8 /* SceneDelegate.swift in Sources */,
			);
			runOnlyForDeploymentPostprocessing = 0;
		};
		D65A04C42C899E42002948E8 /* Sources */ = {
			isa = PBXSourcesBuildPhase;
			buildActionMask = 2147483647;
			files = (
				D65A04CD2C899E42002948E8 /* PhotoFrameAppTests.swift in Sources */,
			);
			runOnlyForDeploymentPostprocessing = 0;
		};
		D65A04CE2C899E42002948E8 /* Sources */ = {
			isa = PBXSourcesBuildPhase;
			buildActionMask = 2147483647;
			files = (
				D65A04D72C899E42002948E8 /* PhotoFrameAppUITests.swift in Sources */,
				D65A04D92C899E42002948E8 /* PhotoFrameAppUITestsLaunchTests.swift in Sources */,
			);
			runOnlyForDeploymentPostprocessing = 0;
		};
/* End PBXSourcesBuildPhase section */

/* Begin PBXTargetDependency section */
		D65A04CA2C899E42002948E8 /* PBXTargetDependency */ = {
			isa = PBXTargetDependency;
			target = D65A04B12C899E41002948E8 /* PhotoFrameApp */;
			targetProxy = D65A04C92C899E42002948E8 /* PBXContainerItemProxy */;
		};
		D65A04D42C899E42002948E8 /* PBXTargetDependency */ = {
			isa = PBXTargetDependency;
			target = D65A04B12C899E41002948E8 /* PhotoFrameApp */;
			targetProxy = D65A04D32C899E42002948E8 /* PBXContainerItemProxy */;
		};
/* End PBXTargetDependency section */

/* Begin PBXVariantGroup section */
		D65A04BB2C899E41002948E8 /* Main.storyboard */ = {
			isa = PBXVariantGroup;
			children = (
				D65A04BC2C899E41002948E8 /* Base */,
			);
			name = Main.storyboard;
			sourceTree = "<group>";
		};
		D65A04C02C899E42002948E8 /* LaunchScreen.storyboard */ = {
			isa = PBXVariantGroup;
			children = (
				D65A04C12C899E42002948E8 /* Base */,
			);
			name = LaunchScreen.storyboard;
			sourceTree = "<group>";
		};
/* End PBXVariantGroup section */

/* Begin XCBuildConfiguration section */
		D65A04DA2C899E42002948E8 /* Debug */ = {
			isa = XCBuildConfiguration;
			buildSettings = {
				ALWAYS_SEARCH_USER_PATHS = NO;
				ASSETCATALOG_COMPILER_GENERATE_SWIFT_ASSET_SYMBOL_EXTENSIONS = YES;
				CLANG_ANALYZER_NONNULL = YES;
				CLANG_ANALYZER_NUMBER_OBJECT_CONVERSION = YES_AGGRESSIVE;
				CLANG_CXX_LANGUAGE_STANDARD = "gnu++20";
				CLANG_ENABLE_MODULES = YES;
				CLANG_ENABLE_OBJC_ARC = YES;
				CLANG_ENABLE_OBJC_WEAK = YES;
				CLANG_WARN_BLOCK_CAPTURE_AUTORELEASING = YES;
				CLANG_WARN_BOOL_CONVERSION = YES;
				CLANG_WARN_COMMA = YES;
				CLANG_WARN_CONSTANT_CONVERSION = YES;
				CLANG_WARN_DEPRECATED_OBJC_IMPLEMENTATIONS = YES;
				CLANG_WARN_DIRECT_OBJC_ISA_USAGE = YES_ERROR;
				CLANG_WARN_DOCUMENTATION_COMMENTS = YES;
				CLANG_WARN_EMPTY_BODY = YES;
				CLANG_WARN_ENUM_CONVERSION = YES;
				CLANG_WARN_INFINITE_RECURSION = YES;
				CLANG_WARN_INT_CONVERSION = YES;
				CLANG_WARN_NON_LITERAL_NULL_CONVERSION = YES;
				CLANG_WARN_OBJC_IMPLICIT_RETAIN_SELF = YES;
				CLANG_WARN_OBJC_LITERAL_CONVERSION = YES;
				CLANG_WARN_OBJC_ROOT_CLASS = YES_ERROR;
				CLANG_WARN_QUOTED_INCLUDE_IN_FRAMEWORK_HEADER = YES;
				CLANG_WARN_RANGE_LOOP_ANALYSIS = YES;
				CLANG_WARN_STRICT_PROTOTYPES = YES;
				CLANG_WARN_SUSPICIOUS_MOVE = YES;
				CLANG_WARN_UNGUARDED_AVAILABILITY = YES_AGGRESSIVE;
				CLANG_WARN_UNREACHABLE_CODE = YES;
				CLANG_WARN__DUPLICATE_METHOD_MATCH = YES;
				COPY_PHASE_STRIP = NO;
				DEBUG_INFORMATION_FORMAT = dwarf;
				ENABLE_STRICT_OBJC_MSGSEND = YES;
				ENABLE_TESTABILITY = YES;
				ENABLE_USER_SCRIPT_SANDBOXING = YES;
				GCC_C_LANGUAGE_STANDARD = gnu17;
				GCC_DYNAMIC_NO_PIC = NO;
				GCC_NO_COMMON_BLOCKS = YES;
				GCC_OPTIMIZATION_LEVEL = 0;
				GCC_PREPROCESSOR_DEFINITIONS = (
					"DEBUG=1",
					"$(inherited)",
				);
				GCC_WARN_64_TO_32_BIT_CONVERSION = YES;
				GCC_WARN_ABOUT_RETURN_TYPE = YES_ERROR;
				GCC_WARN_UNDECLARED_SELECTOR = YES;
				GCC_WARN_UNINITIALIZED_AUTOS = YES_AGGRESSIVE;
				GCC_WARN_UNUSED_FUNCTION = YES;
				GCC_WARN_UNUSED_VARIABLE = YES;
				IPHONEOS_DEPLOYMENT_TARGET = 17.5;
				LOCALIZATION_PREFERS_STRING_CATALOGS = YES;
				MTL_ENABLE_DEBUG_INFO = INCLUDE_SOURCE;
				MTL_FAST_MATH = YES;
				ONLY_ACTIVE_ARCH = YES;
				SDKROOT = iphoneos;
				SWIFT_ACTIVE_COMPILATION_CONDITIONS = "DEBUG $(inherited)";
				SWIFT_OPTIMIZATION_LEVEL = "-Onone";
			};
			name = Debug;
		};
		D65A04DB2C899E42002948E8 /* Release */ = {
			isa = XCBuildConfiguration;
			buildSettings = {
				ALWAYS_SEARCH_USER_PATHS = NO;
				ASSETCATALOG_COMPILER_GENERATE_SWIFT_ASSET_SYMBOL_EXTENSIONS = YES;
				CLANG_ANALYZER_NONNULL = YES;
				CLANG_ANALYZER_NUMBER_OBJECT_CONVERSION = YES_AGGRESSIVE;
				CLANG_CXX_LANGUAGE_STANDARD = "gnu++20";
				CLANG_ENABLE_MODULES = YES;
				CLANG_ENABLE_OBJC_ARC = YES;
				CLANG_ENABLE_OBJC_WEAK = YES;
				CLANG_WARN_BLOCK_CAPTURE_AUTORELEASING = YES;
				CLANG_WARN_BOOL_CONVERSION = YES;
				CLANG_WARN_COMMA = YES;
				CLANG_WARN_CONSTANT_CONVERSION = YES;
				CLANG_WARN_DEPRECATED_OBJC_IMPLEMENTATIONS = YES;
				CLANG_WARN_DIRECT_OBJC_ISA_USAGE = YES_ERROR;
				CLANG_WARN_DOCUMENTATION_COMMENTS = YES;
				CLANG_WARN_EMPTY_BODY = YES;
				CLANG_WARN_ENUM_CONVERSION = YES;
				CLANG_WARN_INFINITE_RECURSION = YES;
				CLANG_WARN_INT_CONVERSION = YES;
				CLANG_WARN_NON_LITERAL_NULL_CONVERSION = YES;
				CLANG_WARN_OBJC_IMPLICIT_RETAIN_SELF = YES;
				CLANG_WARN_OBJC_LITERAL_CONVERSION = YES;
				CLANG_WARN_OBJC_ROOT_CLASS = YES_ERROR;
				CLANG_WARN_QUOTED_INCLUDE_IN_FRAMEWORK_HEADER = YES;
				CLANG_WARN_RANGE_LOOP_ANALYSIS = YES;
				CLANG_WARN_STRICT_PROTOTYPES = YES;
				CLANG_WARN_SUSPICIOUS_MOVE = YES;
				CLANG_WARN_UNGUARDED_AVAILABILITY = YES_AGGRESSIVE;
				CLANG_WARN_UNREACHABLE_CODE = YES;
				CLANG_WARN__DUPLICATE_METHOD_MATCH = YES;
				COPY_PHASE_STRIP = NO;
				DEBUG_INFORMATION_FORMAT = "dwarf-with-dsym";
				ENABLE_NS_ASSERTIONS = NO;
				ENABLE_STRICT_OBJC_MSGSEND = YES;
				ENABLE_USER_SCRIPT_SANDBOXING = YES;
				GCC_C_LANGUAGE_STANDARD = gnu17;
				GCC_NO_COMMON_BLOCKS = YES;
				GCC_WARN_64_TO_32_BIT_CONVERSION = YES;
				GCC_WARN_ABOUT_RETURN_TYPE = YES_ERROR;
				GCC_WARN_UNDECLARED_SELECTOR = YES;
				GCC_WARN_UNINITIALIZED_AUTOS = YES_AGGRESSIVE;
				GCC_WARN_UNUSED_FUNCTION = YES;
				GCC_WARN_UNUSED_VARIABLE = YES;
				IPHONEOS_DEPLOYMENT_TARGET = 17.5;
				LOCALIZATION_PREFERS_STRING_CATALOGS = YES;
				MTL_ENABLE_DEBUG_INFO = NO;
				MTL_FAST_MATH = YES;
				SDKROOT = iphoneos;
				SWIFT_COMPILATION_MODE = wholemodule;
				VALIDATE_PRODUCT = YES;
			};
			name = Release;
		};
		D65A04DD2C899E42002948E8 /* Debug */ = {
			isa = XCBuildConfiguration;
			buildSettings = {
				ASSETCATALOG_COMPILER_APPICON_NAME = AppIcon;
				ASSETCATALOG_COMPILER_GLOBAL_ACCENT_COLOR_NAME = AccentColor;
				CODE_SIGN_STYLE = Automatic;
				CURRENT_PROJECT_VERSION = 1;
				GENERATE_INFOPLIST_FILE = YES;
				INFOPLIST_FILE = PhotoFrameApp/Info.plist;
				INFOPLIST_KEY_UIApplicationSupportsIndirectInputEvents = YES;
				INFOPLIST_KEY_UILaunchStoryboardName = LaunchScreen;
				INFOPLIST_KEY_UIMainStoryboardFile = Main;
				INFOPLIST_KEY_UISupportedInterfaceOrientations_iPad = "UIInterfaceOrientationPortrait UIInterfaceOrientationPortraitUpsideDown UIInterfaceOrientationLandscapeLeft UIInterfaceOrientationLandscapeRight";
				INFOPLIST_KEY_UISupportedInterfaceOrientations_iPhone = "UIInterfaceOrientationPortrait UIInterfaceOrientationLandscapeLeft UIInterfaceOrientationLandscapeRight";
				LD_RUNPATH_SEARCH_PATHS = (
					"$(inherited)",
					"@executable_path/Frameworks",
				);
				MARKETING_VERSION = 1.0;
				PRODUCT_BUNDLE_IDENTIFIER = github.PhotoFrameApp;
				PRODUCT_NAME = "$(TARGET_NAME)";
				SWIFT_EMIT_LOC_STRINGS = YES;
				SWIFT_VERSION = 5.0;
				TARGETED_DEVICE_FAMILY = "1,2";
			};
			name = Debug;
		};
		D65A04DE2C899E42002948E8 /* Release */ = {
			isa = XCBuildConfiguration;
			buildSettings = {
				ASSETCATALOG_COMPILER_APPICON_NAME = AppIcon;
				ASSETCATALOG_COMPILER_GLOBAL_ACCENT_COLOR_NAME = AccentColor;
				CODE_SIGN_STYLE = Automatic;
				CURRENT_PROJECT_VERSION = 1;
				GENERATE_INFOPLIST_FILE = YES;
				INFOPLIST_FILE = PhotoFrameApp/Info.plist;
				INFOPLIST_KEY_UIApplicationSupportsIndirectInputEvents = YES;
				INFOPLIST_KEY_UILaunchStoryboardName = LaunchScreen;
				INFOPLIST_KEY_UIMainStoryboardFile = Main;
				INFOPLIST_KEY_UISupportedInterfaceOrientations_iPad = "UIInterfaceOrientationPortrait UIInterfaceOrientationPortraitUpsideDown UIInterfaceOrientationLandscapeLeft UIInterfaceOrientationLandscapeRight";
				INFOPLIST_KEY_UISupportedInterfaceOrientations_iPhone = "UIInterfaceOrientationPortrait UIInterfaceOrientationLandscapeLeft UIInterfaceOrientationLandscapeRight";
				LD_RUNPATH_SEARCH_PATHS = (
					"$(inherited)",
					"@executable_path/Frameworks",
				);
				MARKETING_VERSION = 1.0;
				PRODUCT_BUNDLE_IDENTIFIER = github.PhotoFrameApp;
				PRODUCT_NAME = "$(TARGET_NAME)";
				SWIFT_EMIT_LOC_STRINGS = YES;
				SWIFT_VERSION = 5.0;
				TARGETED_DEVICE_FAMILY = "1,2";
			};
			name = Release;
		};
		D65A04E02C899E42002948E8 /* Debug */ = {
			isa = XCBuildConfiguration;
			buildSettings = {
				ALWAYS_EMBED_SWIFT_STANDARD_LIBRARIES = YES;
				BUNDLE_LOADER = "$(TEST_HOST)";
				CODE_SIGN_STYLE = Automatic;
				CURRENT_PROJECT_VERSION = 1;
				GENERATE_INFOPLIST_FILE = YES;
				IPHONEOS_DEPLOYMENT_TARGET = 17.5;
				MARKETING_VERSION = 1.0;
				PRODUCT_BUNDLE_IDENTIFIER = github.PhotoFrameAppTests;
				PRODUCT_NAME = "$(TARGET_NAME)";
				SWIFT_EMIT_LOC_STRINGS = NO;
				SWIFT_VERSION = 5.0;
				TARGETED_DEVICE_FAMILY = "1,2";
				TEST_HOST = "$(BUILT_PRODUCTS_DIR)/PhotoFrameApp.app/$(BUNDLE_EXECUTABLE_FOLDER_PATH)/PhotoFrameApp";
			};
			name = Debug;
		};
		D65A04E12C899E42002948E8 /* Release */ = {
			isa = XCBuildConfiguration;
			buildSettings = {
				ALWAYS_EMBED_SWIFT_STANDARD_LIBRARIES = YES;
				BUNDLE_LOADER = "$(TEST_HOST)";
				CODE_SIGN_STYLE = Automatic;
				CURRENT_PROJECT_VERSION = 1;
				GENERATE_INFOPLIST_FILE = YES;
				IPHONEOS_DEPLOYMENT_TARGET = 17.5;
				MARKETING_VERSION = 1.0;
				PRODUCT_BUNDLE_IDENTIFIER = github.PhotoFrameAppTests;
				PRODUCT_NAME = "$(TARGET_NAME)";
				SWIFT_EMIT_LOC_STRINGS = NO;
				SWIFT_VERSION = 5.0;
				TARGETED_DEVICE_FAMILY = "1,2";
				TEST_HOST = "$(BUILT_PRODUCTS_DIR)/PhotoFrameApp.app/$(BUNDLE_EXECUTABLE_FOLDER_PATH)/PhotoFrameApp";
			};
			name = Release;
		};
		D65A04E32C899E42002948E8 /* Debug */ = {
			isa = XCBuildConfiguration;
			buildSettings = {
				ALWAYS_EMBED_SWIFT_STANDARD_LIBRARIES = YES;
				CODE_SIGN_STYLE = Automatic;
				CURRENT_PROJECT_VERSION = 1;
				GENERATE_INFOPLIST_FILE = YES;
				MARKETING_VERSION = 1.0;
				PRODUCT_BUNDLE_IDENTIFIER = github.PhotoFrameAppUITests;
				PRODUCT_NAME = "$(TARGET_NAME)";
				SWIFT_EMIT_LOC_STRINGS = NO;
				SWIFT_VERSION = 5.0;
				TARGETED_DEVICE_FAMILY = "1,2";
				TEST_TARGET_NAME = PhotoFrameApp;
			};
			name = Debug;
		};
		D65A04E42C899E42002948E8 /* Release */ = {
			isa = XCBuildConfiguration;
			buildSettings = {
				ALWAYS_EMBED_SWIFT_STANDARD_LIBRARIES = YES;
				CODE_SIGN_STYLE = Automatic;
				CURRENT_PROJECT_VERSION = 1;
				GENERATE_INFOPLIST_FILE = YES;
				MARKETING_VERSION = 1.0;
				PRODUCT_BUNDLE_IDENTIFIER = github.PhotoFrameAppUITests;
				PRODUCT_NAME = "$(TARGET_NAME)";
				SWIFT_EMIT_LOC_STRINGS = NO;
				SWIFT_VERSION = 5.0;
				TARGETED_DEVICE_FAMILY = "1,2";
				TEST_TARGET_NAME = PhotoFrameApp;
			};
			name = Release;
		};
/* End XCBuildConfiguration section */

/* Begin XCConfigurationList section */
		D65A04AD2C899E41002948E8 /* Build configuration list for PBXProject "PhotoFrameApp" */ = {
			isa = XCConfigurationList;
			buildConfigurations = (
				D65A04DA2C899E42002948E8 /* Debug */,
				D65A04DB2C899E42002948E8 /* Release */,
			);
			defaultConfigurationIsVisible = 0;
			defaultConfigurationName = Release;
		};
		D65A04DC2C899E42002948E8 /* Build configuration list for PBXNativeTarget "PhotoFrameApp" */ = {
			isa = XCConfigurationList;
			buildConfigurations = (
				D65A04DD2C899E42002948E8 /* Debug */,
				D65A04DE2C899E42002948E8 /* Release */,
			);
			defaultConfigurationIsVisible = 0;
			defaultConfigurationName = Release;
		};
		D65A04DF2C899E42002948E8 /* Build configuration list for PBXNativeTarget "PhotoFrameAppTests" */ = {
			isa = XCConfigurationList;
			buildConfigurations = (
				D65A04E02C899E42002948E8 /* Debug */,
				D65A04E12C899E42002948E8 /* Release */,
			);
			defaultConfigurationIsVisible = 0;
			defaultConfigurationName = Release;
		};
		D65A04E22C899E42002948E8 /* Build configuration list for PBXNativeTarget "PhotoFrameAppUITests" */ = {
			isa = XCConfigurationList;
			buildConfigurations = (
				D65A04E32C899E42002948E8 /* Debug */,
				D65A04E42C899E42002948E8 /* Release */,
			);
			defaultConfigurationIsVisible = 0;
			defaultConfigurationName = Release;
		};
/* End XCConfigurationList section */
	};
	rootObject = D65A04AA2C899E41002948E8 /* Project object */;
}
